{
  "name": "put-product",
  "version": "1.0.0",
  "lockfileVersion": 2,
  "requires": true,
  "packages": {
    "": {
      "name": "put-product",
      "version": "1.0.0",
      "license": "ISC",
      "dependencies": {
        "s3-url-parser": "^1.0.3",
        "uuid": "^8.3.2"
      }
    },
    "node_modules/s3-url-parser": {
      "version": "1.0.3",
      "resolved": "https://registry.npmjs.org/s3-url-parser/-/s3-url-parser-1.0.3.tgz",
      "integrity": "sha512-HErWK77P3LTE7VYDQUnLVGzB66mQVrG1IZnjLsLiwNAqXiI8xIOjheAlIR6AkUcRsDzf0MmIQX85t9OQ7PwjIA=="
    },
    "node_modules/uuid": {
      "version": "8.3.2",
      "resolved": "https://registry.npmjs.org/uuid/-/uuid-8.3.2.tgz",
      "integrity": "sha512-+NYs2QeMWy+GWFOEm9xnn6HCDp0l7QBD7ml8zLUmJ+93Q5NF0NocErnwkTkXVFNiX3/fpC6afS8Dhb/gz7R7eg==",
      "bin": {
        "uuid": "dist/bin/uuid"
      }
    }
  },
  "dependencies": {
    "s3-url-parser": {
      "version": "1.0.3",
      "resolved": "https://registry.npmjs.org/s3-url-parser/-/s3-url-parser-1.0.3.tgz",
      "integrity": "sha512-HErWK77P3LTE7VYDQUnLVGzB66mQVrG1IZnjLsLiwNAqXiI8xIOjheAlIR6AkUcRsDzf0MmIQX85t9OQ7PwjIA=="
    },
    "uuid": {
      "version": "8.3.2",
      "resolved": "https://registry.npmjs.org/uuid/-/uuid-8.3.2.tgz",
      "integrity": "sha512-+NYs2QeMWy+GWFOEm9xnn6HCDp0l7QBD7ml8zLUmJ+93Q5NF0NocErnwkTkXVFNiX3/fpC6afS8Dhb/gz7R7eg=="
    }
  }
}
